
Microsoft Visual Studio Solution File, Format Version 12.00
Project("{FAE04EC0-301F-11D3-BF4B-00C04F79EFBC}") = "P2 CodeExecution", "P2 CodeExecution\P2 CodeExecution.csproj", "{3827C36B-81F2-4E24-A417-1A57CFD14365}"
EndProject
Project("{FAE04EC0-301F-11D3-BF4B-00C04F79EFBC}") = "P3 PrintingOutput", "P3 PrintingOutput\P3 PrintingOutput.csproj", "{0384D618-B18A-47CF-8D64-BF7B528D1992}"
EndProject
Project("{FAE04EC0-301F-11D3-BF4B-00C04F79EFBC}") = "P4 Comments", "P4 Comments\P4 Comments.csproj", "{75018695-1827-402F-9305-DAFC523ECA3A}"
EndProject
Project("{FAE04EC0-301F-11D3-BF4B-00C04F79EFBC}") = "P5 Variables", "P5 Variables\P5 Variables.csproj", "{EEB108D3-818F-4458-B6A4-5BB11EC93890}"
EndProject
Project("{FAE04EC0-301F-11D3-BF4B-00C04F79EFBC}") = "P6 DataTypes", "P6 DataTypes\P6 DataTypes.csproj", "{BF265070-9245-4DD0-B5F5-0F5D5566874F}"
EndProject
Project("{FAE04EC0-301F-11D3-BF4B-00C04F79EFBC}") = "P7 Input", "P7 Input\P7 Input.csproj", "{24ECC61D-41F9-479B-9D69-6E342A2B2668}"
EndProject
Project("{FAE04EC0-301F-11D3-BF4B-00C04F79EFBC}") = "P8 Conversion", "P8 Conversion\P8 Conversion.csproj", "{C4EFA85A-6847-4E49-A837-353DA76B08AF}"
EndProject
Project("{FAE04EC0-301F-11D3-BF4B-00C04F79EFBC}") = "Playground", "Playground\Playground.csproj", "{FB9F66BA-E5E8-49F7-8C17-E6690C35686B}"
EndProject
Project("{FAE04EC0-301F-11D3-BF4B-00C04F79EFBC}") = "P9 Operators", "P9 Operators\P9 Operators.csproj", "{A239EEF7-816A-4477-996E-1F8B08ED8BA9}"
EndProject
Project("{FAE04EC0-301F-11D3-BF4B-00C04F79EFBC}") = "P9.2 M to S", "P9.2 M to S\P9.2 M to S.csproj", "{6593F9AB-0EB4-48BE-AF51-FD2FF79B3066}"
EndProject
Project("{FAE04EC0-301F-11D3-BF4B-00C04F79EFBC}") = "P9.1 Km.h to m.s", "P9.1 Km.h to m.s\P9.1 Km.h to m.s.csproj", "{323F46B8-0411-4CB1-9A03-1B081E390EA6}"
EndProject
Project("{FAE04EC0-301F-11D3-BF4B-00C04F79EFBC}") = "P9.3 Dividing", "P9.3 Dividing\P9.3 Dividing.csproj", "{0C004EF9-9407-4C26-B3CE-F21DD3F87C2F}"
EndProject
Project("{FAE04EC0-301F-11D3-BF4B-00C04F79EFBC}") = "P9.4 Remainder", "P9.4 Remainder\P9.4 Remainder.csproj", "{E8381B39-BF2E-4F25-B8F7-CFAE547AD2CB}"
EndProject
Project("{FAE04EC0-301F-11D3-BF4B-00C04F79EFBC}") = "P9.5 CircleArea", "P9.5 CircleArea\P9.5 CircleArea.csproj", "{85EDABF6-9845-493F-9B14-2482DF1B6A3A}"
EndProject
Project("{FAE04EC0-301F-11D3-BF4B-00C04F79EFBC}") = "P9.6 Minus", "P9.6 Minus\P9.6 Minus.csproj", "{B5293D77-B171-4DBD-A597-4C152C043492}"
EndProject
Project("{FAE04EC0-301F-11D3-BF4B-00C04F79EFBC}") = "P9.7 Multiplication", "P9.7 Multiplication\P9.7 Multiplication.csproj", "{39355AC3-B0F0-44E8-A7C0-E9084C851AEC}"
EndProject
Project("{FAE04EC0-301F-11D3-BF4B-00C04F79EFBC}") = "P9.8 BMI", "P9.8 BMI\P9.8 BMI.csproj", "{D53C5580-7915-4B73-B17A-88D308EEFE28}"
EndProject
Project("{FAE04EC0-301F-11D3-BF4B-00C04F79EFBC}") = "P9.9 Hypotenuse", "P9.9 Hypotenuse\P9.9 Hypotenuse.csproj", "{2E12EE10-33D1-49CE-9066-36B8E9F4F803}"
EndProject
Project("{FAE04EC0-301F-11D3-BF4B-00C04F79EFBC}") = "P9.10 Minutes and seconds", "P9.10 Minutes and seconds\P9.10 Minutes and seconds.csproj", "{2EFD663C-EAAA-4B06-8A22-16AAC89AAE23}"
EndProject
Project("{FAE04EC0-301F-11D3-BF4B-00C04F79EFBC}") = "P10 Boolean", "P10 Boolean\P10 Boolean.csproj", "{0591697C-8FF6-4F0C-B1F5-2D35E16DC4F7}"
EndProject
Project("{FAE04EC0-301F-11D3-BF4B-00C04F79EFBC}") = "P9.11 DHMS", "P9.11 DHMS\P9.11 DHMS.csproj", "{A1445BC6-70D2-43EA-8907-9FC320401E4F}"
EndProject
Project("{FAE04EC0-301F-11D3-BF4B-00C04F79EFBC}") = "P11 Ifelse", "P11 Ifelse\P11 Ifelse.csproj", "{82B79A41-B29D-4FD2-AC65-6A3043357A33}"
EndProject
Project("{FAE04EC0-301F-11D3-BF4B-00C04F79EFBC}") = "P11.1 Grades", "P11.1 Grades\P11.1 Grades.csproj", "{077D4E76-8A25-469A-8917-CF474DCAF52E}"
EndProject
Project("{FAE04EC0-301F-11D3-BF4B-00C04F79EFBC}") = "P11.2 Minmax", "P11.2 Minmax\P11.2 Minmax.csproj", "{863D70F3-0AC9-4A5A-A398-474AB8E7CBB3}"
EndProject
Project("{FAE04EC0-301F-11D3-BF4B-00C04F79EFBC}") = "P11.3 Characters", "P11.3 Characters\P11.3 Characters.csproj", "{05D00E22-643E-4482-9240-B90CAAB69E70}"
EndProject
Global
	GlobalSection(SolutionConfigurationPlatforms) = preSolution
		Debug|Any CPU = Debug|Any CPU
		Release|Any CPU = Release|Any CPU
	EndGlobalSection
	GlobalSection(ProjectConfigurationPlatforms) = postSolution
		{3827C36B-81F2-4E24-A417-1A57CFD14365}.Debug|Any CPU.ActiveCfg = Debug|Any CPU
		{3827C36B-81F2-4E24-A417-1A57CFD14365}.Debug|Any CPU.Build.0 = Debug|Any CPU
		{3827C36B-81F2-4E24-A417-1A57CFD14365}.Release|Any CPU.ActiveCfg = Release|Any CPU
		{3827C36B-81F2-4E24-A417-1A57CFD14365}.Release|Any CPU.Build.0 = Release|Any CPU
		{0384D618-B18A-47CF-8D64-BF7B528D1992}.Debug|Any CPU.ActiveCfg = Debug|Any CPU
		{0384D618-B18A-47CF-8D64-BF7B528D1992}.Debug|Any CPU.Build.0 = Debug|Any CPU
		{0384D618-B18A-47CF-8D64-BF7B528D1992}.Release|Any CPU.ActiveCfg = Release|Any CPU
		{0384D618-B18A-47CF-8D64-BF7B528D1992}.Release|Any CPU.Build.0 = Release|Any CPU
		{75018695-1827-402F-9305-DAFC523ECA3A}.Debug|Any CPU.ActiveCfg = Debug|Any CPU
		{75018695-1827-402F-9305-DAFC523ECA3A}.Debug|Any CPU.Build.0 = Debug|Any CPU
		{75018695-1827-402F-9305-DAFC523ECA3A}.Release|Any CPU.ActiveCfg = Release|Any CPU
		{75018695-1827-402F-9305-DAFC523ECA3A}.Release|Any CPU.Build.0 = Release|Any CPU
		{EEB108D3-818F-4458-B6A4-5BB11EC93890}.Debug|Any CPU.ActiveCfg = Debug|Any CPU
		{EEB108D3-818F-4458-B6A4-5BB11EC93890}.Debug|Any CPU.Build.0 = Debug|Any CPU
		{EEB108D3-818F-4458-B6A4-5BB11EC93890}.Release|Any CPU.ActiveCfg = Release|Any CPU
		{EEB108D3-818F-4458-B6A4-5BB11EC93890}.Release|Any CPU.Build.0 = Release|Any CPU
		{BF265070-9245-4DD0-B5F5-0F5D5566874F}.Debug|Any CPU.ActiveCfg = Debug|Any CPU
		{BF265070-9245-4DD0-B5F5-0F5D5566874F}.Debug|Any CPU.Build.0 = Debug|Any CPU
		{BF265070-9245-4DD0-B5F5-0F5D5566874F}.Release|Any CPU.ActiveCfg = Release|Any CPU
		{BF265070-9245-4DD0-B5F5-0F5D5566874F}.Release|Any CPU.Build.0 = Release|Any CPU
		{24ECC61D-41F9-479B-9D69-6E342A2B2668}.Debug|Any CPU.ActiveCfg = Debug|Any CPU
		{24ECC61D-41F9-479B-9D69-6E342A2B2668}.Debug|Any CPU.Build.0 = Debug|Any CPU
		{24ECC61D-41F9-479B-9D69-6E342A2B2668}.Release|Any CPU.ActiveCfg = Release|Any CPU
		{24ECC61D-41F9-479B-9D69-6E342A2B2668}.Release|Any CPU.Build.0 = Release|Any CPU
		{C4EFA85A-6847-4E49-A837-353DA76B08AF}.Debug|Any CPU.ActiveCfg = Debug|Any CPU
		{C4EFA85A-6847-4E49-A837-353DA76B08AF}.Debug|Any CPU.Build.0 = Debug|Any CPU
		{C4EFA85A-6847-4E49-A837-353DA76B08AF}.Release|Any CPU.ActiveCfg = Release|Any CPU
		{C4EFA85A-6847-4E49-A837-353DA76B08AF}.Release|Any CPU.Build.0 = Release|Any CPU
		{FB9F66BA-E5E8-49F7-8C17-E6690C35686B}.Debug|Any CPU.ActiveCfg = Debug|Any CPU
		{FB9F66BA-E5E8-49F7-8C17-E6690C35686B}.Debug|Any CPU.Build.0 = Debug|Any CPU
		{FB9F66BA-E5E8-49F7-8C17-E6690C35686B}.Release|Any CPU.ActiveCfg = Release|Any CPU
		{FB9F66BA-E5E8-49F7-8C17-E6690C35686B}.Release|Any CPU.Build.0 = Release|Any CPU
		{A239EEF7-816A-4477-996E-1F8B08ED8BA9}.Debug|Any CPU.ActiveCfg = Debug|Any CPU
		{A239EEF7-816A-4477-996E-1F8B08ED8BA9}.Debug|Any CPU.Build.0 = Debug|Any CPU
		{A239EEF7-816A-4477-996E-1F8B08ED8BA9}.Release|Any CPU.ActiveCfg = Release|Any CPU
		{A239EEF7-816A-4477-996E-1F8B08ED8BA9}.Release|Any CPU.Build.0 = Release|Any CPU
		{6593F9AB-0EB4-48BE-AF51-FD2FF79B3066}.Debug|Any CPU.ActiveCfg = Debug|Any CPU
		{6593F9AB-0EB4-48BE-AF51-FD2FF79B3066}.Debug|Any CPU.Build.0 = Debug|Any CPU
		{6593F9AB-0EB4-48BE-AF51-FD2FF79B3066}.Release|Any CPU.ActiveCfg = Release|Any CPU
		{6593F9AB-0EB4-48BE-AF51-FD2FF79B3066}.Release|Any CPU.Build.0 = Release|Any CPU
		{323F46B8-0411-4CB1-9A03-1B081E390EA6}.Debug|Any CPU.ActiveCfg = Debug|Any CPU
		{323F46B8-0411-4CB1-9A03-1B081E390EA6}.Debug|Any CPU.Build.0 = Debug|Any CPU
		{323F46B8-0411-4CB1-9A03-1B081E390EA6}.Release|Any CPU.ActiveCfg = Release|Any CPU
		{323F46B8-0411-4CB1-9A03-1B081E390EA6}.Release|Any CPU.Build.0 = Release|Any CPU
		{0C004EF9-9407-4C26-B3CE-F21DD3F87C2F}.Debug|Any CPU.ActiveCfg = Debug|Any CPU
		{0C004EF9-9407-4C26-B3CE-F21DD3F87C2F}.Debug|Any CPU.Build.0 = Debug|Any CPU
		{0C004EF9-9407-4C26-B3CE-F21DD3F87C2F}.Release|Any CPU.ActiveCfg = Release|Any CPU
		{0C004EF9-9407-4C26-B3CE-F21DD3F87C2F}.Release|Any CPU.Build.0 = Release|Any CPU
		{E8381B39-BF2E-4F25-B8F7-CFAE547AD2CB}.Debug|Any CPU.ActiveCfg = Debug|Any CPU
		{E8381B39-BF2E-4F25-B8F7-CFAE547AD2CB}.Debug|Any CPU.Build.0 = Debug|Any CPU
		{E8381B39-BF2E-4F25-B8F7-CFAE547AD2CB}.Release|Any CPU.ActiveCfg = Release|Any CPU
		{E8381B39-BF2E-4F25-B8F7-CFAE547AD2CB}.Release|Any CPU.Build.0 = Release|Any CPU
		{85EDABF6-9845-493F-9B14-2482DF1B6A3A}.Debug|Any CPU.ActiveCfg = Debug|Any CPU
		{85EDABF6-9845-493F-9B14-2482DF1B6A3A}.Debug|Any CPU.Build.0 = Debug|Any CPU
		{85EDABF6-9845-493F-9B14-2482DF1B6A3A}.Release|Any CPU.ActiveCfg = Release|Any CPU
		{85EDABF6-9845-493F-9B14-2482DF1B6A3A}.Release|Any CPU.Build.0 = Release|Any CPU
		{B5293D77-B171-4DBD-A597-4C152C043492}.Debug|Any CPU.ActiveCfg = Debug|Any CPU
		{B5293D77-B171-4DBD-A597-4C152C043492}.Debug|Any CPU.Build.0 = Debug|Any CPU
		{B5293D77-B171-4DBD-A597-4C152C043492}.Release|Any CPU.ActiveCfg = Release|Any CPU
		{B5293D77-B171-4DBD-A597-4C152C043492}.Release|Any CPU.Build.0 = Release|Any CPU
		{39355AC3-B0F0-44E8-A7C0-E9084C851AEC}.Debug|Any CPU.ActiveCfg = Debug|Any CPU
		{39355AC3-B0F0-44E8-A7C0-E9084C851AEC}.Debug|Any CPU.Build.0 = Debug|Any CPU
		{39355AC3-B0F0-44E8-A7C0-E9084C851AEC}.Release|Any CPU.ActiveCfg = Release|Any CPU
		{39355AC3-B0F0-44E8-A7C0-E9084C851AEC}.Release|Any CPU.Build.0 = Release|Any CPU
		{D53C5580-7915-4B73-B17A-88D308EEFE28}.Debug|Any CPU.ActiveCfg = Debug|Any CPU
		{D53C5580-7915-4B73-B17A-88D308EEFE28}.Debug|Any CPU.Build.0 = Debug|Any CPU
		{D53C5580-7915-4B73-B17A-88D308EEFE28}.Release|Any CPU.ActiveCfg = Release|Any CPU
		{D53C5580-7915-4B73-B17A-88D308EEFE28}.Release|Any CPU.Build.0 = Release|Any CPU
		{2E12EE10-33D1-49CE-9066-36B8E9F4F803}.Debug|Any CPU.ActiveCfg = Debug|Any CPU
		{2E12EE10-33D1-49CE-9066-36B8E9F4F803}.Debug|Any CPU.Build.0 = Debug|Any CPU
		{2E12EE10-33D1-49CE-9066-36B8E9F4F803}.Release|Any CPU.ActiveCfg = Release|Any CPU
		{2E12EE10-33D1-49CE-9066-36B8E9F4F803}.Release|Any CPU.Build.0 = Release|Any CPU
		{2EFD663C-EAAA-4B06-8A22-16AAC89AAE23}.Debug|Any CPU.ActiveCfg = Debug|Any CPU
		{2EFD663C-EAAA-4B06-8A22-16AAC89AAE23}.Debug|Any CPU.Build.0 = Debug|Any CPU
		{2EFD663C-EAAA-4B06-8A22-16AAC89AAE23}.Release|Any CPU.ActiveCfg = Release|Any CPU
		{2EFD663C-EAAA-4B06-8A22-16AAC89AAE23}.Release|Any CPU.Build.0 = Release|Any CPU
		{0591697C-8FF6-4F0C-B1F5-2D35E16DC4F7}.Debug|Any CPU.ActiveCfg = Debug|Any CPU
		{0591697C-8FF6-4F0C-B1F5-2D35E16DC4F7}.Debug|Any CPU.Build.0 = Debug|Any CPU
		{0591697C-8FF6-4F0C-B1F5-2D35E16DC4F7}.Release|Any CPU.ActiveCfg = Release|Any CPU
		{0591697C-8FF6-4F0C-B1F5-2D35E16DC4F7}.Release|Any CPU.Build.0 = Release|Any CPU
		{A1445BC6-70D2-43EA-8907-9FC320401E4F}.Debug|Any CPU.ActiveCfg = Debug|Any CPU
		{A1445BC6-70D2-43EA-8907-9FC320401E4F}.Debug|Any CPU.Build.0 = Debug|Any CPU
		{A1445BC6-70D2-43EA-8907-9FC320401E4F}.Release|Any CPU.ActiveCfg = Release|Any CPU
		{A1445BC6-70D2-43EA-8907-9FC320401E4F}.Release|Any CPU.Build.0 = Release|Any CPU
		{82B79A41-B29D-4FD2-AC65-6A3043357A33}.Debug|Any CPU.ActiveCfg = Debug|Any CPU
		{82B79A41-B29D-4FD2-AC65-6A3043357A33}.Debug|Any CPU.Build.0 = Debug|Any CPU
		{82B79A41-B29D-4FD2-AC65-6A3043357A33}.Release|Any CPU.ActiveCfg = Release|Any CPU
		{82B79A41-B29D-4FD2-AC65-6A3043357A33}.Release|Any CPU.Build.0 = Release|Any CPU
		{077D4E76-8A25-469A-8917-CF474DCAF52E}.Debug|Any CPU.ActiveCfg = Debug|Any CPU
		{077D4E76-8A25-469A-8917-CF474DCAF52E}.Debug|Any CPU.Build.0 = Debug|Any CPU
		{077D4E76-8A25-469A-8917-CF474DCAF52E}.Release|Any CPU.ActiveCfg = Release|Any CPU
		{077D4E76-8A25-469A-8917-CF474DCAF52E}.Release|Any CPU.Build.0 = Release|Any CPU
		{863D70F3-0AC9-4A5A-A398-474AB8E7CBB3}.Debug|Any CPU.ActiveCfg = Debug|Any CPU
		{863D70F3-0AC9-4A5A-A398-474AB8E7CBB3}.Debug|Any CPU.Build.0 = Debug|Any CPU
		{863D70F3-0AC9-4A5A-A398-474AB8E7CBB3}.Release|Any CPU.ActiveCfg = Release|Any CPU
		{863D70F3-0AC9-4A5A-A398-474AB8E7CBB3}.Release|Any CPU.Build.0 = Release|Any CPU
		{05D00E22-643E-4482-9240-B90CAAB69E70}.Debug|Any CPU.ActiveCfg = Debug|Any CPU
		{05D00E22-643E-4482-9240-B90CAAB69E70}.Debug|Any CPU.Build.0 = Debug|Any CPU
		{05D00E22-643E-4482-9240-B90CAAB69E70}.Release|Any CPU.ActiveCfg = Release|Any CPU
		{05D00E22-643E-4482-9240-B90CAAB69E70}.Release|Any CPU.Build.0 = Release|Any CPU
	EndGlobalSection
EndGlobal
